<?xml version="1.0" encoding="utf-8"?>
<Project ToolsVersion="4.0" xmlns="http://schemas.microsoft.com/developer/msbuild/2003">
  <ItemGroup>
    <Filter Include="Source Files">
      <UniqueIdentifier>{4FC737F1-C7A5-4376-A066-2A32D752A2FF}</UniqueIdentifier>
      <Extensions>cpp;c;cc;cxx;def;odl;idl;hpj;bat;asm;asmx</Extensions>
    </Filter>
    <Filter Include="Header Files">
      <UniqueIdentifier>{93995380-89BD-4b04-88EB-625FBE52EBFB}</UniqueIdentifier>
      <Extensions>h;hpp;hxx;hm;inl;inc;xsd</Extensions>
    </Filter>
    <Filter Include="Resource Files">
      <UniqueIdentifier>{67DA6AB6-F800-4c08-8B7A-83BB121AAD01}</UniqueIdentifier>
      <Extensions>rc;ico;cur;bmp;dlg;rc2;rct;bin;rgs;gif;jpg;jpeg;jpe;resx;tiff;tif;png;wav</Extensions>
    </Filter>
  </ItemGroup>
  <ItemGroup>
    <ClCompile Include="..\Source\CLIPS\agenda.c">
      <Filter>Source Files</Filter>
    </ClCompile>
    <ClCompile Include="..\Source\CLIPS\analysis.c">
      <Filter>Source Files</Filter>
    </ClCompile>
    <ClCompile Include="..\Source\CLIPS\argacces.c">
      <Filter>Source Files</Filter>
    </ClCompile>
    <ClCompile Include="..\Source\CLIPS\bload.c">
      <Filter>Source Files</Filter>
    </ClCompile>
    <ClCompile Include="..\Source\CLIPS\bmathfun.c">
      <Filter>Source Files</Filter>
    </ClCompile>
    <ClCompile Include="..\Source\CLIPS\bsave.c">
      <Filter>Source Files</Filter>
    </ClCompile>
    <ClCompile Include="..\Source\CLIPS\classcom.c">
      <Filter>Source Files</Filter>
    </ClCompile>
    <ClCompile Include="..\Source\CLIPS\classexm.c">
      <Filter>Source Files</Filter>
    </ClCompile>
    <ClCompile Include="..\Source\CLIPS\classfun.c">
      <Filter>Source Files</Filter>
    </ClCompile>
    <ClCompile Include="..\Source\CLIPS\classinf.c">
      <Filter>Source Files</Filter>
    </ClCompile>
    <ClCompile Include="..\Source\CLIPS\classini.c">
      <Filter>Source Files</Filter>
    </ClCompile>
    <ClCompile Include="..\Source\CLIPS\classpsr.c">
      <Filter>Source Files</Filter>
    </ClCompile>
    <ClCompile Include="..\Source\Integration\CLIPSDLL32.c">
      <Filter>Source Files</Filter>
    </ClCompile>
    <ClCompile Include="..\Source\CLIPS\clsltpsr.c">
      <Filter>Source Files</Filter>
    </ClCompile>
    <ClCompile Include="..\Source\CLIPS\commline.c">
      <Filter>Source Files</Filter>
    </ClCompile>
    <ClCompile Include="..\Source\CLIPS\conscomp.c">
      <Filter>Source Files</Filter>
    </ClCompile>
    <ClCompile Include="..\Source\CLIPS\constrct.c">
      <Filter>Source Files</Filter>
    </ClCompile>
    <ClCompile Include="..\Source\CLIPS\constrnt.c">
      <Filter>Source Files</Filter>
    </ClCompile>
    <ClCompile Include="..\Source\CLIPS\crstrtgy.c">
      <Filter>Source Files</Filter>
    </ClCompile>
    <ClCompile Include="..\Source\CLIPS\cstrcbin.c">
      <Filter>Source Files</Filter>
    </ClCompile>
    <ClCompile Include="..\Source\CLIPS\cstrccom.c">
      <Filter>Source Files</Filter>
    </ClCompile>
    <ClCompile Include="..\Source\CLIPS\cstrcpsr.c">
      <Filter>Source Files</Filter>
    </ClCompile>
    <ClCompile Include="..\Source\CLIPS\cstrnbin.c">
      <Filter>Source Files</Filter>
    </ClCompile>
    <ClCompile Include="..\Source\CLIPS\cstrnchk.c">
      <Filter>Source Files</Filter>
    </ClCompile>
    <ClCompile Include="..\Source\CLIPS\cstrncmp.c">
      <Filter>Source Files</Filter>
    </ClCompile>
    <ClCompile Include="..\Source\CLIPS\cstrnops.c">
      <Filter>Source Files</Filter>
    </ClCompile>
    <ClCompile Include="..\Source\CLIPS\cstrnpsr.c">
      <Filter>Source Files</Filter>
    </ClCompile>
    <ClCompile Include="..\Source\CLIPS\cstrnutl.c">
      <Filter>Source Files</Filter>
    </ClCompile>
    <ClCompile Include="..\Source\CLIPS\default.c">
      <Filter>Source Files</Filter>
    </ClCompile>
    <ClCompile Include="..\Source\CLIPS\defins.c">
      <Filter>Source Files</Filter>
    </ClCompile>
    <ClCompile Include="..\Source\CLIPS\developr.c">
      <Filter>Source Files</Filter>
    </ClCompile>
    <ClCompile Include="..\Source\CLIPS\dffctbin.c">
      <Filter>Source Files</Filter>
    </ClCompile>
    <ClCompile Include="..\Source\CLIPS\dffctbsc.c">
      <Filter>Source Files</Filter>
    </ClCompile>
    <ClCompile Include="..\Source\CLIPS\dffctcmp.c">
      <Filter>Source Files</Filter>
    </ClCompile>
    <ClCompile Include="..\Source\CLIPS\dffctdef.c">
      <Filter>Source Files</Filter>
    </ClCompile>
    <ClCompile Include="..\Source\CLIPS\dffctpsr.c">
      <Filter>Source Files</Filter>
    </ClCompile>
    <ClCompile Include="..\Source\CLIPS\dffnxbin.c">
      <Filter>Source Files</Filter>
    </ClCompile>
    <ClCompile Include="..\Source\CLIPS\dffnxcmp.c">
      <Filter>Source Files</Filter>
    </ClCompile>
    <ClCompile Include="..\Source\CLIPS\dffnxexe.c">
      <Filter>Source Files</Filter>
    </ClCompile>
    <ClCompile Include="..\Source\CLIPS\dffnxfun.c">
      <Filter>Source Files</Filter>
    </ClCompile>
    <ClCompile Include="..\Source\CLIPS\dffnxpsr.c">
      <Filter>Source Files</Filter>
    </ClCompile>
    <ClCompile Include="..\Source\CLIPS\dfinsbin.c">
      <Filter>Source Files</Filter>
    </ClCompile>
    <ClCompile Include="..\Source\CLIPS\dfinscmp.c">
      <Filter>Source Files</Filter>
    </ClCompile>
    <ClCompile Include="..\Source\CLIPS\drive.c">
      <Filter>Source Files</Filter>
    </ClCompile>
    <ClCompile Include="..\Source\CLIPS\edbasic.c">
      <Filter>Source Files</Filter>
    </ClCompile>
    <ClCompile Include="..\Source\CLIPS\edmain.c">
      <Filter>Source Files</Filter>
    </ClCompile>
    <ClCompile Include="..\Source\CLIPS\edmisc.c">
      <Filter>Source Files</Filter>
    </ClCompile>
    <ClCompile Include="..\Source\CLIPS\edstruct.c">
      <Filter>Source Files</Filter>
    </ClCompile>
    <ClCompile Include="..\Source\CLIPS\edterm.c">
      <Filter>Source Files</Filter>
    </ClCompile>
    <ClCompile Include="..\Source\CLIPS\emathfun.c">
      <Filter>Source Files</Filter>
    </ClCompile>
    <ClCompile Include="..\Source\CLIPS\engine.c">
      <Filter>Source Files</Filter>
    </ClCompile>
    <ClCompile Include="..\Source\CLIPS\envrnmnt.c">
      <Filter>Source Files</Filter>
    </ClCompile>
    <ClCompile Include="..\Source\CLIPS\evaluatn.c">
      <Filter>Source Files</Filter>
    </ClCompile>
    <ClCompile Include="..\Source\CLIPS\expressn.c">
      <Filter>Source Files</Filter>
    </ClCompile>
    <ClCompile Include="..\Source\CLIPS\exprnbin.c">
      <Filter>Source Files</Filter>
    </ClCompile>
    <ClCompile Include="..\Source\CLIPS\exprnops.c">
      <Filter>Source Files</Filter>
    </ClCompile>
    <ClCompile Include="..\Source\CLIPS\exprnpsr.c">
      <Filter>Source Files</Filter>
    </ClCompile>
    <ClCompile Include="..\Source\CLIPS\extnfunc.c">
      <Filter>Source Files</Filter>
    </ClCompile>
    <ClCompile Include="..\Source\CLIPS\factbin.c">
      <Filter>Source Files</Filter>
    </ClCompile>
    <ClCompile Include="..\Source\CLIPS\factbld.c">
      <Filter>Source Files</Filter>
    </ClCompile>
    <ClCompile Include="..\Source\CLIPS\factcmp.c">
      <Filter>Source Files</Filter>
    </ClCompile>
    <ClCompile Include="..\Source\CLIPS\factcom.c">
      <Filter>Source Files</Filter>
    </ClCompile>
    <ClCompile Include="..\Source\CLIPS\factfun.c">
      <Filter>Source Files</Filter>
    </ClCompile>
    <ClCompile Include="..\Source\CLIPS\factgen.c">
      <Filter>Source Files</Filter>
    </ClCompile>
    <ClCompile Include="..\Source\CLIPS\facthsh.c">
      <Filter>Source Files</Filter>
    </ClCompile>
    <ClCompile Include="..\Source\CLIPS\factlhs.c">
      <Filter>Source Files</Filter>
    </ClCompile>
    <ClCompile Include="..\Source\CLIPS\factmch.c">
      <Filter>Source Files</Filter>
    </ClCompile>
    <ClCompile Include="..\Source\CLIPS\factmngr.c">
      <Filter>Source Files</Filter>
    </ClCompile>
    <ClCompile Include="..\Source\CLIPS\factprt.c">
      <Filter>Source Files</Filter>
    </ClCompile>
    <ClCompile Include="..\Source\CLIPS\factqpsr.c">
      <Filter>Source Files</Filter>
    </ClCompile>
    <ClCompile Include="..\Source\CLIPS\factqury.c">
      <Filter>Source Files</Filter>
    </ClCompile>
    <ClCompile Include="..\Source\CLIPS\factrete.c">
      <Filter>Source Files</Filter>
    </ClCompile>
    <ClCompile Include="..\Source\CLIPS\factrhs.c">
      <Filter>Source Files</Filter>
    </ClCompile>
    <ClCompile Include="..\Source\CLIPS\filecom.c">
      <Filter>Source Files</Filter>
    </ClCompile>
    <ClCompile Include="..\Source\CLIPS\filertr.c">
      <Filter>Source Files</Filter>
    </ClCompile>
    <ClCompile Include="..\Source\CLIPS\generate.c">
      <Filter>Source Files</Filter>
    </ClCompile>
    <ClCompile Include="..\Source\CLIPS\genrcbin.c">
      <Filter>Source Files</Filter>
    </ClCompile>
    <ClCompile Include="..\Source\CLIPS\genrccmp.c">
      <Filter>Source Files</Filter>
    </ClCompile>
    <ClCompile Include="..\Source\CLIPS\genrccom.c">
      <Filter>Source Files</Filter>
    </ClCompile>
    <ClCompile Include="..\Source\CLIPS\genrcexe.c">
      <Filter>Source Files</Filter>
    </ClCompile>
    <ClCompile Include="..\Source\CLIPS\genrcfun.c">
      <Filter>Source Files</Filter>
    </ClCompile>
    <ClCompile Include="..\Source\CLIPS\genrcpsr.c">
      <Filter>Source Files</Filter>
    </ClCompile>
    <ClCompile Include="..\Source\CLIPS\globlbin.c">
      <Filter>Source Files</Filter>
    </ClCompile>
    <ClCompile Include="..\Source\CLIPS\globlbsc.c">
      <Filter>Source Files</Filter>
    </ClCompile>
    <ClCompile Include="..\Source\CLIPS\globlcmp.c">
      <Filter>Source Files</Filter>
    </ClCompile>
    <ClCompile Include="..\Source\CLIPS\globlcom.c">
      <Filter>Source Files</Filter>
    </ClCompile>
    <ClCompile Include="..\Source\CLIPS\globldef.c">
      <Filter>Source Files</Filter>
    </ClCompile>
    <ClCompile Include="..\Source\CLIPS\globlpsr.c">
      <Filter>Source Files</Filter>
    </ClCompile>
    <ClCompile Include="..\Source\CLIPS\immthpsr.c">
      <Filter>Source Files</Filter>
    </ClCompile>
    <ClCompile Include="..\Source\CLIPS\incrrset.c">
      <Filter>Source Files</Filter>
    </ClCompile>
    <ClCompile Include="..\Source\CLIPS\inherpsr.c">
      <Filter>Source Files</Filter>
    </ClCompile>
    <ClCompile Include="..\Source\CLIPS\inscom.c">
      <Filter>Source Files</Filter>
    </ClCompile>
    <ClCompile Include="..\Source\CLIPS\insfile.c">
      <Filter>Source Files</Filter>
    </ClCompile>
    <ClCompile Include="..\Source\CLIPS\insfun.c">
      <Filter>Source Files</Filter>
    </ClCompile>
    <ClCompile Include="..\Source\CLIPS\insmngr.c">
      <Filter>Source Files</Filter>
    </ClCompile>
    <ClCompile Include="..\Source\CLIPS\insmoddp.c">
      <Filter>Source Files</Filter>
    </ClCompile>
    <ClCompile Include="..\Source\CLIPS\insmult.c">
      <Filter>Source Files</Filter>
    </ClCompile>
    <ClCompile Include="..\Source\CLIPS\inspsr.c">
      <Filter>Source Files</Filter>
    </ClCompile>
    <ClCompile Include="..\Source\CLIPS\insquery.c">
      <Filter>Source Files</Filter>
    </ClCompile>
    <ClCompile Include="..\Source\CLIPS\insqypsr.c">
      <Filter>Source Files</Filter>
    </ClCompile>
    <ClCompile Include="..\Source\CLIPS\iofun.c">
      <Filter>Source Files</Filter>
    </ClCompile>
    <ClCompile Include="..\Source\CLIPS\lgcldpnd.c">
      <Filter>Source Files</Filter>
    </ClCompile>
    <ClCompile Include="..\Source\CLIPS\memalloc.c">
      <Filter>Source Files</Filter>
    </ClCompile>
    <ClCompile Include="..\Source\CLIPS\miscfun.c">
      <Filter>Source Files</Filter>
    </ClCompile>
    <ClCompile Include="..\Source\CLIPS\modulbin.c">
      <Filter>Source Files</Filter>
    </ClCompile>
    <ClCompile Include="..\Source\CLIPS\modulbsc.c">
      <Filter>Source Files</Filter>
    </ClCompile>
    <ClCompile Include="..\Source\CLIPS\modulcmp.c">
      <Filter>Source Files</Filter>
    </ClCompile>
    <ClCompile Include="..\Source\CLIPS\moduldef.c">
      <Filter>Source Files</Filter>
    </ClCompile>
    <ClCompile Include="..\Source\CLIPS\modulpsr.c">
      <Filter>Source Files</Filter>
    </ClCompile>
    <ClCompile Include="..\Source\CLIPS\modulutl.c">
      <Filter>Source Files</Filter>
    </ClCompile>
    <ClCompile Include="..\Source\CLIPS\msgcom.c">
      <Filter>Source Files</Filter>
    </ClCompile>
    <ClCompile Include="..\Source\CLIPS\msgfun.c">
      <Filter>Source Files</Filter>
    </ClCompile>
    <ClCompile Include="..\Source\CLIPS\msgpass.c">
      <Filter>Source Files</Filter>
    </ClCompile>
    <ClCompile Include="..\Source\CLIPS\msgpsr.c">
      <Filter>Source Files</Filter>
    </ClCompile>
    <ClCompile Include="..\Source\CLIPS\multifld.c">
      <Filter>Source Files</Filter>
    </ClCompile>
    <ClCompile Include="..\Source\CLIPS\multifun.c">
      <Filter>Source Files</Filter>
    </ClCompile>
    <ClCompile Include="..\Source\CLIPS\objbin.c">
      <Filter>Source Files</Filter>
    </ClCompile>
    <ClCompile Include="..\Source\CLIPS\objcmp.c">
      <Filter>Source Files</Filter>
    </ClCompile>
    <ClCompile Include="..\Source\CLIPS\objrtbin.c">
      <Filter>Source Files</Filter>
    </ClCompile>
    <ClCompile Include="..\Source\CLIPS\objrtbld.c">
      <Filter>Source Files</Filter>
    </ClCompile>
    <ClCompile Include="..\Source\CLIPS\objrtcmp.c">
      <Filter>Source Files</Filter>
    </ClCompile>
    <ClCompile Include="..\Source\CLIPS\objrtfnx.c">
      <Filter>Source Files</Filter>
    </ClCompile>
    <ClCompile Include="..\Source\CLIPS\objrtgen.c">
      <Filter>Source Files</Filter>
    </ClCompile>
    <ClCompile Include="..\Source\CLIPS\objrtmch.c">
      <Filter>Source Files</Filter>
    </ClCompile>
    <ClCompile Include="..\Source\CLIPS\parsefun.c">
      <Filter>Source Files</Filter>
    </ClCompile>
    <ClCompile Include="..\Source\CLIPS\pattern.c">
      <Filter>Source Files</Filter>
    </ClCompile>
    <ClCompile Include="..\Source\CLIPS\pprint.c">
      <Filter>Source Files</Filter>
    </ClCompile>
    <ClCompile Include="..\Source\CLIPS\prccode.c">
      <Filter>Source Files</Filter>
    </ClCompile>
    <ClCompile Include="..\Source\CLIPS\prcdrfun.c">
      <Filter>Source Files</Filter>
    </ClCompile>
    <ClCompile Include="..\Source\CLIPS\prcdrpsr.c">
      <Filter>Source Files</Filter>
    </ClCompile>
    <ClCompile Include="..\Source\CLIPS\prdctfun.c">
      <Filter>Source Files</Filter>
    </ClCompile>
    <ClCompile Include="..\Source\CLIPS\prntutil.c">
      <Filter>Source Files</Filter>
    </ClCompile>
    <ClCompile Include="..\Source\CLIPS\proflfun.c">
      <Filter>Source Files</Filter>
    </ClCompile>
    <ClCompile Include="..\Source\CLIPS\reorder.c">
      <Filter>Source Files</Filter>
    </ClCompile>
    <ClCompile Include="..\Source\CLIPS\reteutil.c">
      <Filter>Source Files</Filter>
    </ClCompile>
    <ClCompile Include="..\Source\CLIPS\retract.c">
      <Filter>Source Files</Filter>
    </ClCompile>
    <ClCompile Include="..\Source\CLIPS\router.c">
      <Filter>Source Files</Filter>
    </ClCompile>
    <ClCompile Include="..\Source\CLIPS\rulebin.c">
      <Filter>Source Files</Filter>
    </ClCompile>
    <ClCompile Include="..\Source\CLIPS\rulebld.c">
      <Filter>Source Files</Filter>
    </ClCompile>
    <ClCompile Include="..\Source\CLIPS\rulebsc.c">
      <Filter>Source Files</Filter>
    </ClCompile>
    <ClCompile Include="..\Source\CLIPS\rulecmp.c">
      <Filter>Source Files</Filter>
    </ClCompile>
    <ClCompile Include="..\Source\CLIPS\rulecom.c">
      <Filter>Source Files</Filter>
    </ClCompile>
    <ClCompile Include="..\Source\CLIPS\rulecstr.c">
      <Filter>Source Files</Filter>
    </ClCompile>
    <ClCompile Include="..\Source\CLIPS\ruledef.c">
      <Filter>Source Files</Filter>
    </ClCompile>
    <ClCompile Include="..\Source\CLIPS\ruledlt.c">
      <Filter>Source Files</Filter>
    </ClCompile>
    <ClCompile Include="..\Source\CLIPS\rulelhs.c">
      <Filter>Source Files</Filter>
    </ClCompile>
    <ClCompile Include="..\Source\CLIPS\rulepsr.c">
      <Filter>Source Files</Filter>
    </ClCompile>
    <ClCompile Include="..\Source\CLIPS\scanner.c">
      <Filter>Source Files</Filter>
    </ClCompile>
    <ClCompile Include="..\Source\CLIPS\sortfun.c">
      <Filter>Source Files</Filter>
    </ClCompile>
    <ClCompile Include="..\Source\CLIPS\strngfun.c">
      <Filter>Source Files</Filter>
    </ClCompile>
    <ClCompile Include="..\Source\CLIPS\strngrtr.c">
      <Filter>Source Files</Filter>
    </ClCompile>
    <ClCompile Include="..\Source\CLIPS\symblbin.c">
      <Filter>Source Files</Filter>
    </ClCompile>
    <ClCompile Include="..\Source\CLIPS\symblcmp.c">
      <Filter>Source Files</Filter>
    </ClCompile>
    <ClCompile Include="..\Source\CLIPS\symbol.c">
      <Filter>Source Files</Filter>
    </ClCompile>
    <ClCompile Include="..\Source\CLIPS\sysdep.c">
      <Filter>Source Files</Filter>
    </ClCompile>
    <ClCompile Include="..\Source\CLIPS\textpro.c">
      <Filter>Source Files</Filter>
    </ClCompile>
    <ClCompile Include="..\Source\CLIPS\tmpltbin.c">
      <Filter>Source Files</Filter>
    </ClCompile>
    <ClCompile Include="..\Source\CLIPS\tmpltbsc.c">
      <Filter>Source Files</Filter>
    </ClCompile>
    <ClCompile Include="..\Source\CLIPS\tmpltcmp.c">
      <Filter>Source Files</Filter>
    </ClCompile>
    <ClCompile Include="..\Source\CLIPS\tmpltdef.c">
      <Filter>Source Files</Filter>
    </ClCompile>
    <ClCompile Include="..\Source\CLIPS\tmpltfun.c">
      <Filter>Source Files</Filter>
    </ClCompile>
    <ClCompile Include="..\Source\CLIPS\tmpltlhs.c">
      <Filter>Source Files</Filter>
    </ClCompile>
    <ClCompile Include="..\Source\CLIPS\tmpltpsr.c">
      <Filter>Source Files</Filter>
    </ClCompile>
    <ClCompile Include="..\Source\CLIPS\tmpltrhs.c">
      <Filter>Source Files</Filter>
    </ClCompile>
    <ClCompile Include="..\Source\CLIPS\tmpltutl.c">
      <Filter>Source Files</Filter>
    </ClCompile>
    <ClCompile Include="..\Source\CLIPS\userdata.c">
      <Filter>Source Files</Filter>
    </ClCompile>
    <ClCompile Include="..\Source\CLIPS\userfunctions.c">
      <Filter>Source Files</Filter>
    </ClCompile>
    <ClCompile Include="..\Source\CLIPS\utility.c">
      <Filter>Source Files</Filter>
    </ClCompile>
    <ClCompile Include="..\Source\CLIPS\watch.c">
      <Filter>Source Files</Filter>
    </ClCompile>
  </ItemGroup>
  <ItemGroup>
    <ClInclude Include="..\Source\CLIPS\agenda.h">
      <Filter>Header Files</Filter>
    </ClInclude>
    <ClInclude Include="..\Source\CLIPS\analysis.h">
      <Filter>Header Files</Filter>
    </ClInclude>
    <ClInclude Include="..\Source\CLIPS\argacces.h">
      <Filter>Header Files</Filter>
    </ClInclude>
    <ClInclude Include="..\Source\CLIPS\bload.h">
      <Filter>Header Files</Filter>
    </ClInclude>
    <ClInclude Include="..\Source\CLIPS\bmathfun.h">
      <Filter>Header Files</Filter>
    </ClInclude>
    <ClInclude Include="..\Source\CLIPS\bsave.h">
      <Filter>Header Files</Filter>
    </ClInclude>
    <ClInclude Include="..\Source\CLIPS\classcom.h">
      <Filter>Header Files</Filter>
    </ClInclude>
    <ClInclude Include="..\Source\CLIPS\classexm.h">
      <Filter>Header Files</Filter>
    </ClInclude>
    <ClInclude Include="..\Source\CLIPS\classfun.h">
      <Filter>Header Files</Filter>
    </ClInclude>
    <ClInclude Include="..\Source\CLIPS\classinf.h">
      <Filter>Header Files</Filter>
    </ClInclude>
    <ClInclude Include="..\Source\CLIPS\classini.h">
      <Filter>Header Files</Filter>
    </ClInclude>
    <ClInclude Include="..\Source\CLIPS\classpsr.h">
      <Filter>Header Files</Filter>
    </ClInclude>
    <ClInclude Include="..\Source\CLIPS\clips.h">
      <Filter>Header Files</Filter>
    </ClInclude>
    <ClInclude Include="..\Source\Integration\CLIPSWin32.h">
      <Filter>Header Files</Filter>
    </ClInclude>
    <ClInclude Include="..\Source\Integration\CLIPSWin32defs.h">
      <Filter>Header Files</Filter>
    </ClInclude>
    <ClInclude Include="..\Source\CLIPS\clsltpsr.h">
      <Filter>Header Files</Filter>
    </ClInclude>
    <ClInclude Include="..\Source\CLIPS\cmptblty.h">
      <Filter>Header Files</Filter>
    </ClInclude>
    <ClInclude Include="..\Source\CLIPS\commline.h">
      <Filter>Header Files</Filter>
    </ClInclude>
    <ClInclude Include="..\Source\CLIPS\conscomp.h">
      <Filter>Header Files</Filter>
    </ClInclude>
    <ClInclude Include="..\Source\CLIPS\constant.h">
      <Filter>Header Files</Filter>
    </ClInclude>
    <ClInclude Include="..\Source\CLIPS\constrct.h">
      <Filter>Header Files</Filter>
    </ClInclude>
    <ClInclude Include="..\Source\CLIPS\constrnt.h">
      <Filter>Header Files</Filter>
    </ClInclude>
    <ClInclude Include="..\Source\CLIPS\crstrtgy.h">
      <Filter>Header Files</Filter>
    </ClInclude>
    <ClInclude Include="..\Source\CLIPS\cstrcbin.h">
      <Filter>Header Files</Filter>
    </ClInclude>
    <ClInclude Include="..\Source\CLIPS\cstrccmp.h">
      <Filter>Header Files</Filter>
    </ClInclude>
    <ClInclude Include="..\Source\CLIPS\cstrccom.h">
      <Filter>Header Files</Filter>
    </ClInclude>
    <ClInclude Include="..\Source\CLIPS\cstrcpsr.h">
      <Filter>Header Files</Filter>
    </ClInclude>
    <ClInclude Include="..\Source\CLIPS\cstrnbin.h">
      <Filter>Header Files</Filter>
    </ClInclude>
    <ClInclude Include="..\Source\CLIPS\cstrnchk.h">
      <Filter>Header Files</Filter>
    </ClInclude>
    <ClInclude Include="..\Source\CLIPS\cstrncmp.h">
      <Filter>Header Files</Filter>
    </ClInclude>
    <ClInclude Include="..\Source\CLIPS\cstrnops.h">
      <Filter>Header Files</Filter>
    </ClInclude>
    <ClInclude Include="..\Source\CLIPS\cstrnpsr.h">
      <Filter>Header Files</Filter>
    </ClInclude>
    <ClInclude Include="..\Source\CLIPS\cstrnutl.h">
      <Filter>Header Files</Filter>
    </ClInclude>
    <ClInclude Include="..\Source\CLIPS\default.h">
      <Filter>Header Files</Filter>
    </ClInclude>
    <ClInclude Include="..\Source\CLIPS\defins.h">
      <Filter>Header Files</Filter>
    </ClInclude>
    <ClInclude Include="..\Source\CLIPS\developr.h">
      <Filter>Header Files</Filter>
    </ClInclude>
    <ClInclude Include="..\Source\CLIPS\dffctbin.h">
      <Filter>Header Files</Filter>
    </ClInclude>
    <ClInclude Include="..\Source\CLIPS\dffctbsc.h">
      <Filter>Header Files</Filter>
    </ClInclude>
    <ClInclude Include="..\Source\CLIPS\dffctcmp.h">
      <Filter>Header Files</Filter>
    </ClInclude>
    <ClInclude Include="..\Source\CLIPS\dffctdef.h">
      <Filter>Header Files</Filter>
    </ClInclude>
    <ClInclude Include="..\Source\CLIPS\dffctpsr.h">
      <Filter>Header Files</Filter>
    </ClInclude>
    <ClInclude Include="..\Source\CLIPS\dffnxbin.h">
      <Filter>Header Files</Filter>
    </ClInclude>
    <ClInclude Include="..\Source\CLIPS\dffnxcmp.h">
      <Filter>Header Files</Filter>
    </ClInclude>
    <ClInclude Include="..\Source\CLIPS\dffnxexe.h">
      <Filter>Header Files</Filter>
    </ClInclude>
    <ClInclude Include="..\Source\CLIPS\dffnxfun.h">
      <Filter>Header Files</Filter>
    </ClInclude>
    <ClInclude Include="..\Source\CLIPS\dffnxpsr.h">
      <Filter>Header Files</Filter>
    </ClInclude>
    <ClInclude Include="..\Source\CLIPS\dfinsbin.h">
      <Filter>Header Files</Filter>
    </ClInclude>
    <ClInclude Include="..\Source\CLIPS\dfinscmp.h">
      <Filter>Header Files</Filter>
    </ClInclude>
    <ClInclude Include="..\Source\CLIPS\drive.h">
      <Filter>Header Files</Filter>
    </ClInclude>
    <ClInclude Include="..\Source\CLIPS\ed.h">
      <Filter>Header Files</Filter>
    </ClInclude>
    <ClInclude Include="..\Source\CLIPS\emathfun.h">
      <Filter>Header Files</Filter>
    </ClInclude>
    <ClInclude Include="..\Source\CLIPS\engine.h">
      <Filter>Header Files</Filter>
    </ClInclude>
    <ClInclude Include="..\Source\CLIPS\envrnmnt.h">
      <Filter>Header Files</Filter>
    </ClInclude>
    <ClInclude Include="..\Source\CLIPS\evaluatn.h">
      <Filter>Header Files</Filter>
    </ClInclude>
    <ClInclude Include="..\Source\CLIPS\expressn.h">
      <Filter>Header Files</Filter>
    </ClInclude>
    <ClInclude Include="..\Source\CLIPS\exprnbin.h">
      <Filter>Header Files</Filter>
    </ClInclude>
    <ClInclude Include="..\Source\CLIPS\exprnops.h">
      <Filter>Header Files</Filter>
    </ClInclude>
    <ClInclude Include="..\Source\CLIPS\exprnpsr.h">
      <Filter>Header Files</Filter>
    </ClInclude>
    <ClInclude Include="..\Source\CLIPS\extnfunc.h">
      <Filter>Header Files</Filter>
    </ClInclude>
    <ClInclude Include="..\Source\CLIPS\factbin.h">
      <Filter>Header Files</Filter>
    </ClInclude>
    <ClInclude Include="..\Source\CLIPS\factbld.h">
      <Filter>Header Files</Filter>
    </ClInclude>
    <ClInclude Include="..\Source\CLIPS\factcmp.h">
      <Filter>Header Files</Filter>
    </ClInclude>
    <ClInclude Include="..\Source\CLIPS\factcom.h">
      <Filter>Header Files</Filter>
    </ClInclude>
    <ClInclude Include="..\Source\CLIPS\factfun.h">
      <Filter>Header Files</Filter>
    </ClInclude>
    <ClInclude Include="..\Source\CLIPS\factgen.h">
      <Filter>Header Files</Filter>
    </ClInclude>
    <ClInclude Include="..\Source\CLIPS\facthsh.h">
      <Filter>Header Files</Filter>
    </ClInclude>
    <ClInclude Include="..\Source\CLIPS\factlhs.h">
      <Filter>Header Files</Filter>
    </ClInclude>
    <ClInclude Include="..\Source\CLIPS\factmch.h">
      <Filter>Header Files</Filter>
    </ClInclude>
    <ClInclude Include="..\Source\CLIPS\factmngr.h">
      <Filter>Header Files</Filter>
    </ClInclude>
    <ClInclude Include="..\Source\CLIPS\factprt.h">
      <Filter>Header Files</Filter>
    </ClInclude>
    <ClInclude Include="..\Source\CLIPS\factqpsr.h">
      <Filter>Header Files</Filter>
    </ClInclude>
    <ClInclude Include="..\Source\CLIPS\factqury.h">
      <Filter>Header Files</Filter>
    </ClInclude>
    <ClInclude Include="..\Source\CLIPS\factrete.h">
      <Filter>Header Files</Filter>
    </ClInclude>
    <ClInclude Include="..\Source\CLIPS\factrhs.h">
      <Filter>Header Files</Filter>
    </ClInclude>
    <ClInclude Include="..\Source\CLIPS\filecom.h">
      <Filter>Header Files</Filter>
    </ClInclude>
    <ClInclude Include="..\Source\CLIPS\filertr.h">
      <Filter>Header Files</Filter>
    </ClInclude>
    <ClInclude Include="..\Source\CLIPS\generate.h">
      <Filter>Header Files</Filter>
    </ClInclude>
    <ClInclude Include="..\Source\CLIPS\genrcbin.h">
      <Filter>Header Files</Filter>
    </ClInclude>
    <ClInclude Include="..\Source\CLIPS\genrccmp.h">
      <Filter>Header Files</Filter>
    </ClInclude>
    <ClInclude Include="..\Source\CLIPS\genrccom.h">
      <Filter>Header Files</Filter>
    </ClInclude>
    <ClInclude Include="..\Source\CLIPS\genrcexe.h">
      <Filter>Header Files</Filter>
    </ClInclude>
    <ClInclude Include="..\Source\CLIPS\genrcfun.h">
      <Filter>Header Files</Filter>
    </ClInclude>
    <ClInclude Include="..\Source\CLIPS\genrcpsr.h">
      <Filter>Header Files</Filter>
    </ClInclude>
    <ClInclude Include="..\Source\CLIPS\globlbin.h">
      <Filter>Header Files</Filter>
    </ClInclude>
    <ClInclude Include="..\Source\CLIPS\globlbsc.h">
      <Filter>Header Files</Filter>
    </ClInclude>
    <ClInclude Include="..\Source\CLIPS\globlcmp.h">
      <Filter>Header Files</Filter>
    </ClInclude>
    <ClInclude Include="..\Source\CLIPS\globlcom.h">
      <Filter>Header Files</Filter>
    </ClInclude>
    <ClInclude Include="..\Source\CLIPS\globldef.h">
      <Filter>Header Files</Filter>
    </ClInclude>
    <ClInclude Include="..\Source\CLIPS\globlpsr.h">
      <Filter>Header Files</Filter>
    </ClInclude>
    <ClInclude Include="..\Source\CLIPS\immthpsr.h">
      <Filter>Header Files</Filter>
    </ClInclude>
    <ClInclude Include="..\Source\CLIPS\incrrset.h">
      <Filter>Header Files</Filter>
    </ClInclude>
    <ClInclude Include="..\Source\CLIPS\inherpsr.h">
      <Filter>Header Files</Filter>
    </ClInclude>
    <ClInclude Include="..\Source\CLIPS\inscom.h">
      <Filter>Header Files</Filter>
    </ClInclude>
    <ClInclude Include="..\Source\CLIPS\insfile.h">
      <Filter>Header Files</Filter>
    </ClInclude>
    <ClInclude Include="..\Source\CLIPS\insfun.h">
      <Filter>Header Files</Filter>
    </ClInclude>
    <ClInclude Include="..\Source\CLIPS\insmngr.h">
      <Filter>Header Files</Filter>
    </ClInclude>
    <ClInclude Include="..\Source\CLIPS\insmoddp.h">
      <Filter>Header Files</Filter>
    </ClInclude>
    <ClInclude Include="..\Source\CLIPS\insmult.h">
      <Filter>Header Files</Filter>
    </ClInclude>
    <ClInclude Include="..\Source\CLIPS\inspsr.h">
      <Filter>Header Files</Filter>
    </ClInclude>
    <ClInclude Include="..\Source\CLIPS\insquery.h">
      <Filter>Header Files</Filter>
    </ClInclude>
    <ClInclude Include="..\Source\CLIPS\insqypsr.h">
      <Filter>Header Files</Filter>
    </ClInclude>
    <ClInclude Include="..\Source\CLIPS\iofun.h">
      <Filter>Header Files</Filter>
    </ClInclude>
    <ClInclude Include="..\Source\CLIPS\lgcldpnd.h">
      <Filter>Header Files</Filter>
    </ClInclude>
    <ClInclude Include="..\Source\CLIPS\match.h">
      <Filter>Header Files</Filter>
    </ClInclude>
    <ClInclude Include="..\Source\CLIPS\memalloc.h">
      <Filter>Header Files</Filter>
    </ClInclude>
    <ClInclude Include="..\Source\CLIPS\miscfun.h">
      <Filter>Header Files</Filter>
    </ClInclude>
    <ClInclude Include="..\Source\CLIPS\modulbin.h">
      <Filter>Header Files</Filter>
    </ClInclude>
    <ClInclude Include="..\Source\CLIPS\modulbsc.h">
      <Filter>Header Files</Filter>
    </ClInclude>
    <ClInclude Include="..\Source\CLIPS\modulcmp.h">
      <Filter>Header Files</Filter>
    </ClInclude>
    <ClInclude Include="..\Source\CLIPS\moduldef.h">
      <Filter>Header Files</Filter>
    </ClInclude>
    <ClInclude Include="..\Source\CLIPS\modulpsr.h">
      <Filter>Header Files</Filter>
    </ClInclude>
    <ClInclude Include="..\Source\CLIPS\modulutl.h">
      <Filter>Header Files</Filter>
    </ClInclude>
    <ClInclude Include="..\Source\CLIPS\msgcom.h">
      <Filter>Header Files</Filter>
    </ClInclude>
    <ClInclude Include="..\Source\CLIPS\msgfun.h">
      <Filter>Header Files</Filter>
    </ClInclude>
    <ClInclude Include="..\Source\CLIPS\msgpass.h">
      <Filter>Header Files</Filter>
    </ClInclude>
    <ClInclude Include="..\Source\CLIPS\msgpsr.h">
      <Filter>Header Files</Filter>
    </ClInclude>
    <ClInclude Include="..\Source\CLIPS\multifld.h">
      <Filter>Header Files</Filter>
    </ClInclude>
    <ClInclude Include="..\Source\CLIPS\multifun.h">
      <Filter>Header Files</Filter>
    </ClInclude>
    <ClInclude Include="..\Source\CLIPS\network.h">
      <Filter>Header Files</Filter>
    </ClInclude>
    <ClInclude Include="..\Source\CLIPS\objbin.h">
      <Filter>Header Files</Filter>
    </ClInclude>
    <ClInclude Include="..\Source\CLIPS\objcmp.h">
      <Filter>Header Files</Filter>
    </ClInclude>
    <ClInclude Include="..\Source\CLIPS\object.h">
      <Filter>Header Files</Filter>
    </ClInclude>
    <ClInclude Include="..\Source\CLIPS\objrtbin.h">
      <Filter>Header Files</Filter>
    </ClInclude>
    <ClInclude Include="..\Source\CLIPS\objrtbld.h">
      <Filter>Header Files</Filter>
    </ClInclude>
    <ClInclude Include="..\Source\CLIPS\objrtcmp.h">
      <Filter>Header Files</Filter>
    </ClInclude>
    <ClInclude Include="..\Source\CLIPS\objrtfnx.h">
      <Filter>Header Files</Filter>
    </ClInclude>
    <ClInclude Include="..\Source\CLIPS\objrtgen.h">
      <Filter>Header Files</Filter>
    </ClInclude>
    <ClInclude Include="..\Source\CLIPS\objrtmch.h">
      <Filter>Header Files</Filter>
    </ClInclude>
    <ClInclude Include="..\Source\CLIPS\parsefun.h">
      <Filter>Header Files</Filter>
    </ClInclude>
    <ClInclude Include="..\Source\CLIPS\pattern.h">
      <Filter>Header Files</Filter>
    </ClInclude>
    <ClInclude Include="..\Source\CLIPS\pprint.h">
      <Filter>Header Files</Filter>
    </ClInclude>
    <ClInclude Include="..\Source\CLIPS\prccode.h">
      <Filter>Header Files</Filter>
    </ClInclude>
    <ClInclude Include="..\Source\CLIPS\prcdrfun.h">
      <Filter>Header Files</Filter>
    </ClInclude>
    <ClInclude Include="..\Source\CLIPS\prcdrpsr.h">
      <Filter>Header Files</Filter>
    </ClInclude>
    <ClInclude Include="..\Source\CLIPS\prdctfun.h">
      <Filter>Header Files</Filter>
    </ClInclude>
    <ClInclude Include="..\Source\CLIPS\prntutil.h">
      <Filter>Header Files</Filter>
    </ClInclude>
    <ClInclude Include="..\Source\CLIPS\proflfun.h">
      <Filter>Header Files</Filter>
    </ClInclude>
    <ClInclude Include="..\Source\CLIPS\reorder.h">
      <Filter>Header Files</Filter>
    </ClInclude>
    <ClInclude Include="..\Source\CLIPS\reteutil.h">
      <Filter>Header Files</Filter>
    </ClInclude>
    <ClInclude Include="..\Source\CLIPS\retract.h">
      <Filter>Header Files</Filter>
    </ClInclude>
    <ClInclude Include="..\Source\CLIPS\router.h">
      <Filter>Header Files</Filter>
    </ClInclude>
    <ClInclude Include="..\Source\CLIPS\rulebin.h">
      <Filter>Header Files</Filter>
    </ClInclude>
    <ClInclude Include="..\Source\CLIPS\rulebld.h">
      <Filter>Header Files</Filter>
    </ClInclude>
    <ClInclude Include="..\Source\CLIPS\rulebsc.h">
      <Filter>Header Files</Filter>
    </ClInclude>
    <ClInclude Include="..\Source\CLIPS\rulecmp.h">
      <Filter>Header Files</Filter>
    </ClInclude>
    <ClInclude Include="..\Source\CLIPS\rulecom.h">
      <Filter>Header Files</Filter>
    </ClInclude>
    <ClInclude Include="..\Source\CLIPS\rulecstr.h">
      <Filter>Header Files</Filter>
    </ClInclude>
    <ClInclude Include="..\Source\CLIPS\ruledef.h">
      <Filter>Header Files</Filter>
    </ClInclude>
    <ClInclude Include="..\Source\CLIPS\ruledlt.h">
      <Filter>Header Files</Filter>
    </ClInclude>
    <ClInclude Include="..\Source\CLIPS\rulelhs.h">
      <Filter>Header Files</Filter>
    </ClInclude>
    <ClInclude Include="..\Source\CLIPS\rulepsr.h">
      <Filter>Header Files</Filter>
    </ClInclude>
    <ClInclude Include="..\Source\CLIPS\scanner.h">
      <Filter>Header Files</Filter>
    </ClInclude>
    <ClInclude Include="..\Source\CLIPS\setup.h">
      <Filter>Header Files</Filter>
    </ClInclude>
    <ClInclude Include="..\Source\CLIPS\sortfun.h">
      <Filter>Header Files</Filter>
    </ClInclude>
    <ClInclude Include="..\Source\CLIPS\strngfun.h">
      <Filter>Header Files</Filter>
    </ClInclude>
    <ClInclude Include="..\Source\CLIPS\strngrtr.h">
      <Filter>Header Files</Filter>
    </ClInclude>
    <ClInclude Include="..\Source\CLIPS\symblbin.h">
      <Filter>Header Files</Filter>
    </ClInclude>
    <ClInclude Include="..\Source\CLIPS\symblcmp.h">
      <Filter>Header Files</Filter>
    </ClInclude>
    <ClInclude Include="..\Source\CLIPS\symbol.h">
      <Filter>Header Files</Filter>
    </ClInclude>
    <ClInclude Include="..\Source\CLIPS\sysdep.h">
      <Filter>Header Files</Filter>
    </ClInclude>
    <ClInclude Include="..\Source\CLIPS\textpro.h">
      <Filter>Header Files</Filter>
    </ClInclude>
    <ClInclude Include="..\Source\CLIPS\tmpltbin.h">
      <Filter>Header Files</Filter>
    </ClInclude>
    <ClInclude Include="..\Source\CLIPS\tmpltbsc.h">
      <Filter>Header Files</Filter>
    </ClInclude>
    <ClInclude Include="..\Source\CLIPS\tmpltcmp.h">
      <Filter>Header Files</Filter>
    </ClInclude>
    <ClInclude Include="..\Source\CLIPS\tmpltdef.h">
      <Filter>Header Files</Filter>
    </ClInclude>
    <ClInclude Include="..\Source\CLIPS\tmpltfun.h">
      <Filter>Header Files</Filter>
    </ClInclude>
    <ClInclude Include="..\Source\CLIPS\tmpltlhs.h">
      <Filter>Header Files</Filter>
    </ClInclude>
    <ClInclude Include="..\Source\CLIPS\tmpltpsr.h">
      <Filter>Header Files</Filter>
    </ClInclude>
    <ClInclude Include="..\Source\CLIPS\tmpltrhs.h">
      <Filter>Header Files</Filter>
    </ClInclude>
    <ClInclude Include="..\Source\CLIPS\tmpltutl.h">
      <Filter>Header Files</Filter>
    </ClInclude>
    <ClInclude Include="..\Source\CLIPS\userdata.h">
      <Filter>Header Files</Filter>
    </ClInclude>
    <ClInclude Include="..\Source\CLIPS\usrsetup.h">
      <Filter>Header Files</Filter>
    </ClInclude>
    <ClInclude Include="..\Source\CLIPS\utility.h">
      <Filter>Header Files</Filter>
    </ClInclude>
    <ClInclude Include="..\Source\CLIPS\watch.h">
      <Filter>Header Files</Filter>
    </ClInclude>
  </ItemGroup>
</Project>